Microsoft Visual Studio Solution File, Format Version 12.00
# Visual Studio Version 16
VisualStudioVersion = 16.0.30804.86
MinimumVisualStudioVersion = 10.0.40219.1
Project("{2150E333-8FDC-42A3-9474-1A3956D46DE8}") = "Clients", "Clients", "{F38ED7ED-5A33-4855-B21B-B383C47428C4}"
EndProject
Project("{2150E333-8FDC-42A3-9474-1A3956D46DE8}") = "Hosts", "Hosts", "{7D656375-CFD5-42E2-B4D3-DF28B5F9DC6B}"
EndProject
Project("{2150E333-8FDC-42A3-9474-1A3956D46DE8}") = "Interfaces", "Interfaces", "{3E556AA8-9FB4-4E66-A37E-E162E17F372E}"
EndProject
Project("{2150E333-8FDC-42A3-9474-1A3956D46DE8}") = "Services", "Services", "{E6501A60-3DEE-43BD-84C3-A4E165889E42}"
EndProject
Project("{FAE04EC0-301F-11D3-BF4B-00C04F79EFBC}") = "CarManagementInterface", "CarManagementInterface\CarManagementInterface.csproj", "{FA6FA5AC-F827-463B-BAC3-7451066215B0}"
EndProject
Project("{FAE04EC0-301F-11D3-BF4B-00C04F79EFBC}") = "CustomerInterface", "CustomerInterface\CustomerInterface.csproj", "{22F7B07A-D030-487E-89D2-F348682C0AA8}"
EndProject
Project("{FAE04EC0-301F-11D3-BF4B-00C04F79EFBC}") = "RentalInterface", "RentalInterface\RentalInterface.csproj", "{D2C1EACC-6CB0-4E52-9A09-1A125C5F2F88}"
EndProject
Project("{FAE04EC0-301F-11D3-BF4B-00C04F79EFBC}") = "ExternalInterface", "ExternalInterface\ExternalInterface.csproj", "{FBC487DB-F691-4A49-B9AA-A7CE95F30188}"
EndProject
Project("{FAE04EC0-301F-11D3-BF4B-00C04F79EFBC}") = "CarManagementService", "CarManagementService\CarManagementService.csproj", "{ED45A6A0-D833-4B6E-A888-9682F3503F85}"
EndProject
Project("{FAE04EC0-301F-11D3-BF4B-00C04F79EFBC}") = "CustomerService", "CustomerService\CustomerService.csproj", "{9873044C-BD6E-4919-B8F8-C5310B8299AC}"
EndProject
Project("{FAE04EC0-301F-11D3-BF4B-00C04F79EFBC}") = "RentalService", "RentalService\RentalService.csproj", "{0EA5502C-7E2F-49C5-93F8-0A9461951456}"
EndProject
Project("{FAE04EC0-301F-11D3-BF4B-00C04F79EFBC}") = "ExternalInterfaceFacade", "ExternalInterfaceFacade\ExternalInterfaceFacade.csproj", "{5B1AA3EB-2795-42FD-BFFC-89C3E4843F39}"
EndProject
Project("{FAE04EC0-301F-11D3-BF4B-00C04F79EFBC}") = "HostAllServices", "HostAllServices\HostAllServices.csproj", "{4F278E8F-E333-4A86-9D89-1979812C6760}"
EndProject
Project("{FAE04EC0-301F-11D3-BF4B-00C04F79EFBC}") = "CarApplication", "CarApplication\CarApplication.csproj", "{5EB072A0-8E02-48FB-9C7F-5EF62DCD490F}"
EndProject
Project("{FAE04EC0-301F-11D3-BF4B-00C04F79EFBC}") = "RentalApplication", "RentalApplication\RentalApplication.csproj", "{3A291501-95B1-4AAA-82D8-F1108114F409}"
EndProject
Project("{FAE04EC0-301F-11D3-BF4B-00C04F79EFBC}") = "ExternalApplication", "ExternalApplication\ExternalApplication.csproj", "{01C857CD-ECE9-4474-B641-4DE1C41508FB}"
EndProject
Project("{FAE04EC0-301F-11D3-BF4B-00C04F79EFBC}") = "TestImpersonationForCustomerService", "TestImpersonationForCustomerService\TestImpersonationForCustomerService.csproj", "{183436AD-DACF-4DCF-85A5-2064D3011127}"
EndProject
Global
	GlobalSection(SolutionConfigurationPlatforms) = preSolution
		Debug|Any CPU = Debug|Any CPU
		Debug|Mixed Platforms = Debug|Mixed Platforms
		Debug|x86 = Debug|x86
		Release|Any CPU = Release|Any CPU
		Release|Mixed Platforms = Release|Mixed Platforms
		Release|x86 = Release|x86
	EndGlobalSection
	GlobalSection(ProjectConfigurationPlatforms) = postSolution
		{FA6FA5AC-F827-463B-BAC3-7451066215B0}.Debug|Any CPU.ActiveCfg = Debug|Any CPU
		{FA6FA5AC-F827-463B-BAC3-7451066215B0}.Debug|Any CPU.Build.0 = Debug|Any CPU
		{FA6FA5AC-F827-463B-BAC3-7451066215B0}.Debug|Mixed Platforms.ActiveCfg = Debug|Any CPU
		{FA6FA5AC-F827-463B-BAC3-7451066215B0}.Debug|Mixed Platforms.Build.0 = Debug|Any CPU
		{FA6FA5AC-F827-463B-BAC3-7451066215B0}.Debug|x86.ActiveCfg = Debug|Any CPU
		{FA6FA5AC-F827-463B-BAC3-7451066215B0}.Release|Any CPU.ActiveCfg = Release|Any CPU
		{FA6FA5AC-F827-463B-BAC3-7451066215B0}.Release|Any CPU.Build.0 = Release|Any CPU
		{FA6FA5AC-F827-463B-BAC3-7451066215B0}.Release|Mixed Platforms.ActiveCfg = Release|Any CPU
		{FA6FA5AC-F827-463B-BAC3-7451066215B0}.Release|Mixed Platforms.Build.0 = Release|Any CPU
		{FA6FA5AC-F827-463B-BAC3-7451066215B0}.Release|x86.ActiveCfg = Release|Any CPU
		{22F7B07A-D030-487E-89D2-F348682C0AA8}.Debug|Any CPU.ActiveCfg = Debug|Any CPU
		{22F7B07A-D030-487E-89D2-F348682C0AA8}.Debug|Any CPU.Build.0 = Debug|Any CPU
		{22F7B07A-D030-487E-89D2-F348682C0AA8}.Debug|Mixed Platforms.ActiveCfg = Debug|Any CPU
		{22F7B07A-D030-487E-89D2-F348682C0AA8}.Debug|Mixed Platforms.Build.0 = Debug|Any CPU
		{22F7B07A-D030-487E-89D2-F348682C0AA8}.Debug|x86.ActiveCfg = Debug|Any CPU
		{22F7B07A-D030-487E-89D2-F348682C0AA8}.Release|Any CPU.ActiveCfg = Release|Any CPU
		{22F7B07A-D030-487E-89D2-F348682C0AA8}.Release|Any CPU.Build.0 = Release|Any CPU
		{22F7B07A-D030-487E-89D2-F348682C0AA8}.Release|Mixed Platforms.ActiveCfg = Release|Any CPU
		{22F7B07A-D030-487E-89D2-F348682C0AA8}.Release|Mixed Platforms.Build.0 = Release|Any CPU
		{22F7B07A-D030-487E-89D2-F348682C0AA8}.Release|x86.ActiveCfg = Release|Any CPU
		{D2C1EACC-6CB0-4E52-9A09-1A125C5F2F88}.Debug|Any CPU.ActiveCfg = Debug|Any CPU
		{D2C1EACC-6CB0-4E52-9A09-1A125C5F2F88}.Debug|Any CPU.Build.0 = Debug|Any CPU
		{D2C1EACC-6CB0-4E52-9A09-1A125C5F2F88}.Debug|Mixed Platforms.ActiveCfg = Debug|Any CPU
		{D2C1EACC-6CB0-4E52-9A09-1A125C5F2F88}.Debug|Mixed Platforms.Build.0 = Debug|Any CPU
		{D2C1EACC-6CB0-4E52-9A09-1A125C5F2F88}.Debug|x86.ActiveCfg = Debug|Any CPU
		{D2C1EACC-6CB0-4E52-9A09-1A125C5F2F88}.Release|Any CPU.ActiveCfg = Release|Any CPU
		{D2C1EACC-6CB0-4E52-9A09-1A125C5F2F88}.Release|Any CPU.Build.0 = Release|Any CPU
		{D2C1EACC-6CB0-4E52-9A09-1A125C5F2F88}.Release|Mixed Platforms.ActiveCfg = Release|Any CPU
		{D2C1EACC-6CB0-4E52-9A09-1A125C5F2F88}.Release|Mixed Platforms.Build.0 = Release|Any CPU
		{D2C1EACC-6CB0-4E52-9A09-1A125C5F2F88}.Release|x86.ActiveCfg = Release|Any CPU
		{FBC487DB-F691-4A49-B9AA-A7CE95F30188}.Debug|Any CPU.ActiveCfg = Debug|Any CPU
		{FBC487DB-F691-4A49-B9AA-A7CE95F30188}.Debug|Any CPU.Build.0 = Debug|Any CPU
		{FBC487DB-F691-4A49-B9AA-A7CE95F30188}.Debug|Mixed Platforms.ActiveCfg = Debug|Any CPU
		{FBC487DB-F691-4A49-B9AA-A7CE95F30188}.Debug|Mixed Platforms.Build.0 = Debug|Any CPU
		{FBC487DB-F691-4A49-B9AA-A7CE95F30188}.Debug|x86.ActiveCfg = Debug|Any CPU
		{FBC487DB-F691-4A49-B9AA-A7CE95F30188}.Release|Any CPU.ActiveCfg = Release|Any CPU
		{FBC487DB-F691-4A49-B9AA-A7CE95F30188}.Release|Any CPU.Build.0 = Release|Any CPU
		{FBC487DB-F691-4A49-B9AA-A7CE95F30188}.Release|Mixed Platforms.ActiveCfg = Release|Any CPU
		{FBC487DB-F691-4A49-B9AA-A7CE95F30188}.Release|Mixed Platforms.Build.0 = Release|Any CPU
		{FBC487DB-F691-4A49-B9AA-A7CE95F30188}.Release|x86.ActiveCfg = Release|Any CPU
		{ED45A6A0-D833-4B6E-A888-9682F3503F85}.Debug|Any CPU.ActiveCfg = Debug|Any CPU
		{ED45A6A0-D833-4B6E-A888-9682F3503F85}.Debug|Any CPU.Build.0 = Debug|Any CPU
		{ED45A6A0-D833-4B6E-A888-9682F3503F85}.Debug|Mixed Platforms.ActiveCfg = Debug|Any CPU
		{ED45A6A0-D833-4B6E-A888-9682F3503F85}.Debug|Mixed Platforms.Build.0 = Debug|Any CPU
		{ED45A6A0-D833-4B6E-A888-9682F3503F85}.Debug|x86.ActiveCfg = Debug|Any CPU
		{ED45A6A0-D833-4B6E-A888-9682F3503F85}.Release|Any CPU.ActiveCfg = Release|Any CPU
		{ED45A6A0-D833-4B6E-A888-9682F3503F85}.Release|Any CPU.Build.0 = Release|Any CPU
		{ED45A6A0-D833-4B6E-A888-9682F3503F85}.Release|Mixed Platforms.ActiveCfg = Release|Any CPU
		{ED45A6A0-D833-4B6E-A888-9682F3503F85}.Release|Mixed Platforms.Build.0 = Release|Any CPU
		{ED45A6A0-D833-4B6E-A888-9682F3503F85}.Release|x86.ActiveCfg = Release|Any CPU
		{9873044C-BD6E-4919-B8F8-C5310B8299AC}.Debug|Any CPU.ActiveCfg = Debug|Any CPU
		{9873044C-BD6E-4919-B8F8-C5310B8299AC}.Debug|Any CPU.Build.0 = Debug|Any CPU
		{9873044C-BD6E-4919-B8F8-C5310B8299AC}.Debug|Mixed Platforms.ActiveCfg = Debug|Any CPU
		{9873044C-BD6E-4919-B8F8-C5310B8299AC}.Debug|Mixed Platforms.Build.0 = Debug|Any CPU
		{9873044C-BD6E-4919-B8F8-C5310B8299AC}.Debug|x86.ActiveCfg = Debug|Any CPU
		{9873044C-BD6E-4919-B8F8-C5310B8299AC}.Release|Any CPU.ActiveCfg = Release|Any CPU
		{9873044C-BD6E-4919-B8F8-C5310B8299AC}.Release|Any CPU.Build.0 = Release|Any CPU
		{9873044C-BD6E-4919-B8F8-C5310B8299AC}.Release|Mixed Platforms.ActiveCfg = Release|Any CPU
		{9873044C-BD6E-4919-B8F8-C5310B8299AC}.Release|Mixed Platforms.Build.0 = Release|Any CPU
		{9873044C-BD6E-4919-B8F8-C5310B8299AC}.Release|x86.ActiveCfg = Release|Any CPU
		{0EA5502C-7E2F-49C5-93F8-0A9461951456}.Debug|Any CPU.ActiveCfg = Debug|Any CPU
		{0EA5502C-7E2F-49C5-93F8-0A9461951456}.Debug|Any CPU.Build.0 = Debug|Any CPU
		{0EA5502C-7E2F-49C5-93F8-0A9461951456}.Debug|Mixed Platforms.ActiveCfg = Debug|Any CPU
		{0EA5502C-7E2F-49C5-93F8-0A9461951456}.Debug|Mixed Platforms.Build.0 = Debug|Any CPU
		{0EA5502C-7E2F-49C5-93F8-0A9461951456}.Debug|x86.ActiveCfg = Debug|Any CPU
		{0EA5502C-7E2F-49C5-93F8-0A9461951456}.Release|Any CPU.ActiveCfg = Release|Any CPU
		{0EA5502C-7E2F-49C5-93F8-0A9461951456}.Release|Any CPU.Build.0 = Release|Any CPU
		{0EA5502C-7E2F-49C5-93F8-0A9461951456}.Release|Mixed Platforms.ActiveCfg = Release|Any CPU
		{0EA5502C-7E2F-49C5-93F8-0A9461951456}.Release|Mixed Platforms.Build.0 = Release|Any CPU
		{0EA5502C-7E2F-49C5-93F8-0A9461951456}.Release|x86.ActiveCfg = Release|Any CPU
		{5B1AA3EB-2795-42FD-BFFC-89C3E4843F39}.Debug|Any CPU.ActiveCfg = Debug|Any CPU
		{5B1AA3EB-2795-42FD-BFFC-89C3E4843F39}.Debug|Any CPU.Build.0 = Debug|Any CPU
		{5B1AA3EB-2795-42FD-BFFC-89C3E4843F39}.Debug|Mixed Platforms.ActiveCfg = Debug|Any CPU
		{5B1AA3EB-2795-42FD-BFFC-89C3E4843F39}.Debug|Mixed Platforms.Build.0 = Debug|Any CPU
		{5B1AA3EB-2795-42FD-BFFC-89C3E4843F39}.Debug|x86.ActiveCfg = Debug|Any CPU
		{5B1AA3EB-2795-42FD-BFFC-89C3E4843F39}.Release|Any CPU.ActiveCfg = Release|Any CPU
		{5B1AA3EB-2795-42FD-BFFC-89C3E4843F39}.Release|Any CPU.Build.0 = Release|Any CPU
		{5B1AA3EB-2795-42FD-BFFC-89C3E4843F39}.Release|Mixed Platforms.ActiveCfg = Release|Any CPU
		{5B1AA3EB-2795-42FD-BFFC-89C3E4843F39}.Release|Mixed Platforms.Build.0 = Release|Any CPU
		{5B1AA3EB-2795-42FD-BFFC-89C3E4843F39}.Release|x86.ActiveCfg = Release|Any CPU
		{4F278E8F-E333-4A86-9D89-1979812C6760}.Debug|Any CPU.ActiveCfg = Debug|Any CPU
		{4F278E8F-E333-4A86-9D89-1979812C6760}.Debug|Any CPU.Build.0 = Debug|Any CPU
		{4F278E8F-E333-4A86-9D89-1979812C6760}.Debug|Mixed Platforms.ActiveCfg = Debug|Any CPU
		{4F278E8F-E333-4A86-9D89-1979812C6760}.Debug|Mixed Platforms.Build.0 = Debug|Any CPU
		{4F278E8F-E333-4A86-9D89-1979812C6760}.Debug|x86.ActiveCfg = Debug|Any CPU
		{4F278E8F-E333-4A86-9D89-1979812C6760}.Release|Any CPU.ActiveCfg = Release|Any CPU
		{4F278E8F-E333-4A86-9D89-1979812C6760}.Release|Any CPU.Build.0 = Release|Any CPU
		{4F278E8F-E333-4A86-9D89-1979812C6760}.Release|Mixed Platforms.ActiveCfg = Release|Any CPU
		{4F278E8F-E333-4A86-9D89-1979812C6760}.Release|Mixed Platforms.Build.0 = Release|Any CPU
		{4F278E8F-E333-4A86-9D89-1979812C6760}.Release|x86.ActiveCfg = Release|Any CPU
		{5EB072A0-8E02-48FB-9C7F-5EF62DCD490F}.Debug|Any CPU.ActiveCfg = Debug|Any CPU
		{5EB072A0-8E02-48FB-9C7F-5EF62DCD490F}.Debug|Any CPU.Build.0 = Debug|Any CPU
		{5EB072A0-8E02-48FB-9C7F-5EF62DCD490F}.Debug|Mixed Platforms.ActiveCfg = Debug|Any CPU
		{5EB072A0-8E02-48FB-9C7F-5EF62DCD490F}.Debug|Mixed Platforms.Build.0 = Debug|Any CPU
		{5EB072A0-8E02-48FB-9C7F-5EF62DCD490F}.Debug|x86.ActiveCfg = Debug|Any CPU
		{5EB072A0-8E02-48FB-9C7F-5EF62DCD490F}.Release|Any CPU.ActiveCfg = Release|Any CPU
		{5EB072A0-8E02-48FB-9C7F-5EF62DCD490F}.Release|Any CPU.Build.0 = Release|Any CPU
		{5EB072A0-8E02-48FB-9C7F-5EF62DCD490F}.Release|Mixed Platforms.ActiveCfg = Release|Any CPU
		{5EB072A0-8E02-48FB-9C7F-5EF62DCD490F}.Release|Mixed Platforms.Build.0 = Release|Any CPU
		{5EB072A0-8E02-48FB-9C7F-5EF62DCD490F}.Release|x86.ActiveCfg = Release|Any CPU
		{3A291501-95B1-4AAA-82D8-F1108114F409}.Debug|Any CPU.ActiveCfg = Debug|Any CPU
		{3A291501-95B1-4AAA-82D8-F1108114F409}.Debug|Any CPU.Build.0 = Debug|Any CPU
		{3A291501-95B1-4AAA-82D8-F1108114F409}.Debug|Mixed Platforms.ActiveCfg = Debug|Any CPU
		{3A291501-95B1-4AAA-82D8-F1108114F409}.Debug|Mixed Platforms.Build.0 = Debug|Any CPU
		{3A291501-95B1-4AAA-82D8-F1108114F409}.Debug|x86.ActiveCfg = Debug|Any CPU
		{3A291501-95B1-4AAA-82D8-F1108114F409}.Release|Any CPU.ActiveCfg = Release|Any CPU
		{3A291501-95B1-4AAA-82D8-F1108114F409}.Release|Any CPU.Build.0 = Release|Any CPU
		{3A291501-95B1-4AAA-82D8-F1108114F409}.Release|Mixed Platforms.ActiveCfg = Release|Any CPU
		{3A291501-95B1-4AAA-82D8-F1108114F409}.Release|Mixed Platforms.Build.0 = Release|Any CPU
		{3A291501-95B1-4AAA-82D8-F1108114F409}.Release|x86.ActiveCfg = Release|Any CPU
		{01C857CD-ECE9-4474-B641-4DE1C41508FB}.Debug|Any CPU.ActiveCfg = Debug|Any CPU
		{01C857CD-ECE9-4474-B641-4DE1C41508FB}.Debug|Any CPU.Build.0 = Debug|Any CPU
		{01C857CD-ECE9-4474-B641-4DE1C41508FB}.Debug|Mixed Platforms.ActiveCfg = Debug|Any CPU
		{01C857CD-ECE9-4474-B641-4DE1C41508FB}.Debug|Mixed Platforms.Build.0 = Debug|Any CPU
		{01C857CD-ECE9-4474-B641-4DE1C41508FB}.Debug|x86.ActiveCfg = Debug|Any CPU
		{01C857CD-ECE9-4474-B641-4DE1C41508FB}.Release|Any CPU.ActiveCfg = Release|Any CPU
		{01C857CD-ECE9-4474-B641-4DE1C41508FB}.Release|Any CPU.Build.0 = Release|Any CPU
		{01C857CD-ECE9-4474-B641-4DE1C41508FB}.Release|Mixed Platforms.ActiveCfg = Release|Any CPU
		{01C857CD-ECE9-4474-B641-4DE1C41508FB}.Release|Mixed Platforms.Build.0 = Release|Any CPU
		{01C857CD-ECE9-4474-B641-4DE1C41508FB}.Release|x86.ActiveCfg = Release|Any CPU
		{183436AD-DACF-4DCF-85A5-2064D3011127}.Debug|Any CPU.ActiveCfg = Debug|x86
		{183436AD-DACF-4DCF-85A5-2064D3011127}.Debug|Mixed Platforms.ActiveCfg = Debug|x86
		{183436AD-DACF-4DCF-85A5-2064D3011127}.Debug|Mixed Platforms.Build.0 = Debug|x86
		{183436AD-DACF-4DCF-85A5-2064D3011127}.Debug|x86.ActiveCfg = Debug|x86
		{183436AD-DACF-4DCF-85A5-2064D3011127}.Debug|x86.Build.0 = Debug|x86
		{183436AD-DACF-4DCF-85A5-2064D3011127}.Release|Any CPU.ActiveCfg = Release|x86
		{183436AD-DACF-4DCF-85A5-2064D3011127}.Release|Mixed Platforms.ActiveCfg = Release|x86
		{183436AD-DACF-4DCF-85A5-2064D3011127}.Release|Mixed Platforms.Build.0 = Release|x86
		{183436AD-DACF-4DCF-85A5-2064D3011127}.Release|x86.ActiveCfg = Release|x86
		{183436AD-DACF-4DCF-85A5-2064D3011127}.Release|x86.Build.0 = Release|x86
	EndGlobalSection
	GlobalSection(SolutionProperties) = preSolution
		HideSolutionNode = FALSE
	EndGlobalSection
	GlobalSection(NestedProjects) = preSolution
		{FA6FA5AC-F827-463B-BAC3-7451066215B0} = {3E556AA8-9FB4-4E66-A37E-E162E17F372E}
		{22F7B07A-D030-487E-89D2-F348682C0AA8} = {3E556AA8-9FB4-4E66-A37E-E162E17F372E}
		{D2C1EACC-6CB0-4E52-9A09-1A125C5F2F88} = {3E556AA8-9FB4-4E66-A37E-E162E17F372E}
		{FBC487DB-F691-4A49-B9AA-A7CE95F30188} = {3E556AA8-9FB4-4E66-A37E-E162E17F372E}
		{ED45A6A0-D833-4B6E-A888-9682F3503F85} = {E6501A60-3DEE-43BD-84C3-A4E165889E42}
		{9873044C-BD6E-4919-B8F8-C5310B8299AC} = {E6501A60-3DEE-43BD-84C3-A4E165889E42}
		{0EA5502C-7E2F-49C5-93F8-0A9461951456} = {E6501A60-3DEE-43BD-84C3-A4E165889E42}
		{5B1AA3EB-2795-42FD-BFFC-89C3E4843F39} = {E6501A60-3DEE-43BD-84C3-A4E165889E42}
		{4F278E8F-E333-4A86-9D89-1979812C6760} = {7D656375-CFD5-42E2-B4D3-DF28B5F9DC6B}
		{5EB072A0-8E02-48FB-9C7F-5EF62DCD490F} = {F38ED7ED-5A33-4855-B21B-B383C47428C4}
		{3A291501-95B1-4AAA-82D8-F1108114F409} = {F38ED7ED-5A33-4855-B21B-B383C47428C4}
		{01C857CD-ECE9-4474-B641-4DE1C41508FB} = {F38ED7ED-5A33-4855-B21B-B383C47428C4}
		{183436AD-DACF-4DCF-85A5-2064D3011127} = {F38ED7ED-5A33-4855-B21B-B383C47428C4}
	EndGlobalSection
	GlobalSection(ExtensibilityGlobals) = postSolution
		SolutionGuid = {81D7E8A5-4CCE-4E61-BE61-5B3813B21767}
	EndGlobalSection
EndGlobal
